PODS:
  - Eson (0.1.0)
  - Nimble (3.0.0)
  - Quick (0.8.0)

DEPENDENCIES:
  - Eson (from `../`)
  - Nimble (= 3.0.0)
  - Quick (~> 0.8.0)

EXTERNAL SOURCES:
  Eson:
    :path: "../"

SPEC CHECKSUMS:
  Eson: 764d94896bdf6a56682ee9ed0027617f03f3ccb3
  Nimble: 4c353d43735b38b545cbb4cb91504588eb5de926
  Quick: 563d0f6ec5f72e394645adb377708639b7dd38ab

PODFILE CHECKSUM: 817502ceafd0fd72cca0e18bdf5c654a4c54b6f6

COCOAPODS: 1.0.0.beta.2
