PODS:
  - Eson (0.3.2)
  - Nimble (5.0.0)
  - Quick (0.10.0)

DEPENDENCIES:
  - Eson (from `../`)
  - Nimble (~> 5.0.0)
  - Quick

EXTERNAL SOURCES:
  Eson:
    :path: ../

SPEC CHECKSUMS:
  Eson: fce37b531203d2e89c38b36cf17408c868313cbc
  Nimble: 56fc9f5020effa2206de22c3dd910f4fb011b92f
  Quick: 5d290df1c69d5ee2f0729956dcf0fd9a30447eaa

COCOAPODS: 0.39.0
